
Microsoft Visual Studio Solution File, Format Version 12.00
# Visual Studio Version 16
VisualStudioVersion = 16.0.31424.327
MinimumVisualStudioVersion = 10.0.40219.1
Project("{9A19103F-16F7-4668-BE54-9A1E7A4F7556}") = "TestingEg", "TestingEg.csproj", "{1E0E2CCA-8C35-413E-80C4-87830A24CEF5}"
EndProject
Project("{FAE04EC0-301F-11D3-BF4B-00C04F79EFBC}") = "TestProject3", "..\TestProject3\TestProject3.csproj", "{52016475-11D3-47AA-811A-375F2724A57A}"
EndProject
Global
	GlobalSection(SolutionConfigurationPlatforms) = preSolution
		Debug|Any CPU = Debug|Any CPU
		Release|Any CPU = Release|Any CPU
	EndGlobalSection
	GlobalSection(ProjectConfigurationPlatforms) = postSolution
		{1E0E2CCA-8C35-413E-80C4-87830A24CEF5}.Debug|Any CPU.ActiveCfg = Debug|Any CPU
		{1E0E2CCA-8C35-413E-80C4-87830A24CEF5}.Debug|Any CPU.Build.0 = Debug|Any CPU
		{1E0E2CCA-8C35-413E-80C4-87830A24CEF5}.Release|Any CPU.ActiveCfg = Release|Any CPU
		{1E0E2CCA-8C35-413E-80C4-87830A24CEF5}.Release|Any CPU.Build.0 = Release|Any CPU
		{52016475-11D3-47AA-811A-375F2724A57A}.Debug|Any CPU.ActiveCfg = Debug|Any CPU
		{52016475-11D3-47AA-811A-375F2724A57A}.Debug|Any CPU.Build.0 = Debug|Any CPU
		{52016475-11D3-47AA-811A-375F2724A57A}.Release|Any CPU.ActiveCfg = Release|Any CPU
		{52016475-11D3-47AA-811A-375F2724A57A}.Release|Any CPU.Build.0 = Release|Any CPU
	EndGlobalSection
	GlobalSection(SolutionProperties) = preSolution
		HideSolutionNode = FALSE
	EndGlobalSection
	GlobalSection(ExtensibilityGlobals) = postSolution
		SolutionGuid = {EB38BB78-DFAC-4B14-946B-516A9C78056B}
	EndGlobalSection
EndGlobal
